// !$*UTF8*$!
{
	archiveVersion = 1;
	classes = {
	};
	objectVersion = 46;
	objects = {

/* Begin PBXBuildFile section */
		4F100785152DFB12000E0064 /* emotion.plist in Resources */ = {isa = PBXBuildFile; fileRef = 4F100784152DFB12000E0064 /* emotion.plist */; };
		4F3D4B1C1530D6C8004B9079 /* ETEmotionSynonymizer.m in Sources */ = {isa = PBXBuildFile; fileRef = 4F3D4B1B1530D6C7004B9079 /* ETEmotionSynonymizer.m */; };
		4F768EA61519DB0D001B1D52 /* Cocoa.framework in Frameworks */ = {isa = PBXBuildFile; fileRef = 4F768EA51519DB0D001B1D52 /* Cocoa.framework */; };
		4F768EB01519DB0D001B1D52 /* InfoPlist.strings in Resources */ = {isa = PBXBuildFile; fileRef = 4F768EAE1519DB0D001B1D52 /* InfoPlist.strings */; };
		4F768EB21519DB0D001B1D52 /* main.m in Sources */ = {isa = PBXBuildFile; fileRef = 4F768EB11519DB0D001B1D52 /* main.m */; };
		4F768EB61519DB0D001B1D52 /* Credits.rtf in Resources */ = {isa = PBXBuildFile; fileRef = 4F768EB41519DB0D001B1D52 /* Credits.rtf */; };
		4F768EB91519DB0D001B1D52 /* ETAppDelegate.m in Sources */ = {isa = PBXBuildFile; fileRef = 4F768EB81519DB0D001B1D52 /* ETAppDelegate.m */; };
		4F768EBC1519DB0D001B1D52 /* MainMenu.xib in Resources */ = {isa = PBXBuildFile; fileRef = 4F768EBA1519DB0D001B1D52 /* MainMenu.xib */; };
		4F768EC71519DB81001B1D52 /* Python.framework in Frameworks */ = {isa = PBXBuildFile; fileRef = 4F768EC61519DB81001B1D52 /* Python.framework */; };
		4F768ECA1519DC71001B1D52 /* ETTextView.m in Sources */ = {isa = PBXBuildFile; fileRef = 4F768EC91519DC71001B1D52 /* ETTextView.m */; };
		4F768ECD1519DE71001B1D52 /* ApplicationServices.framework in Frameworks */ = {isa = PBXBuildFile; fileRef = 4F768ECC1519DE71001B1D52 /* ApplicationServices.framework */; };
		4F80BDC5151B7A87004DF0AC /* QuartzCore.framework in Frameworks */ = {isa = PBXBuildFile; fileRef = 4F768EC41519DB2B001B1D52 /* QuartzCore.framework */; };
		4F891E2F151FC6DF007C60BA /* ETGradientBackgroundView.m in Sources */ = {isa = PBXBuildFile; fileRef = 4F891E2E151FC6DF007C60BA /* ETGradientBackgroundView.m */; };
		4FA28B9515293F8800693E24 /* ETFontAssignment.m in Sources */ = {isa = PBXBuildFile; fileRef = 4FA28B9415293F8800693E24 /* ETFontAssignment.m */; };
		4FBF4ECC152E12C400D3F700 /* ETCaretView.m in Sources */ = {isa = PBXBuildFile; fileRef = 4FBF4ECB152E12C400D3F700 /* ETCaretView.m */; };
		4FC1BD391519F7BA008C80FF /* ETEmotionTextAttributer.m in Sources */ = {isa = PBXBuildFile; fileRef = 4FC1BD381519F7BA008C80FF /* ETEmotionTextAttributer.m */; };
		4FF9F634151BF528004A131D /* ETAnimationAssignment.m in Sources */ = {isa = PBXBuildFile; fileRef = 4FF9F633151BF528004A131D /* ETAnimationAssignment.m */; };
		4FF9F639151C34C8004A131D /* ETLayerChopper.m in Sources */ = {isa = PBXBuildFile; fileRef = 4FF9F638151C34C8004A131D /* ETLayerChopper.m */; };
/* End PBXBuildFile section */

/* Begin PBXCopyFilesBuildPhase section */
		4F06093A151B8598004C2C80 /* Copy Files into en root */ = {
			isa = PBXCopyFilesBuildPhase;
			buildActionMask = 2147483647;
			dstPath = en;
			dstSubfolderSpec = 7;
			files = (
			);
			name = "Copy Files into en root";
			runOnlyForDeploymentPostprocessing = 0;
		};
		4F060951151B85FC004C2C80 /* Copy Files into en/ogden */ = {
			isa = PBXCopyFilesBuildPhase;
			buildActionMask = 2147483647;
			dstPath = en/ogden;
			dstSubfolderSpec = 7;
			files = (
			);
			name = "Copy Files into en/ogden";
			runOnlyForDeploymentPostprocessing = 0;
		};
		4F060955151B8629004C2C80 /* Copy Files into en/parser */ = {
			isa = PBXCopyFilesBuildPhase;
			buildActionMask = 2147483647;
			dstPath = en/parser;
			dstSubfolderSpec = 7;
			files = (
			);
			name = "Copy Files into en/parser";
			runOnlyForDeploymentPostprocessing = 0;
		};
		4F06095A151B8657004C2C80 /* Copy Files into en/parser/nltk_lite */ = {
			isa = PBXCopyFilesBuildPhase;
			buildActionMask = 2147483647;
			dstPath = en/parser/nltk_lite;
			dstSubfolderSpec = 7;
			files = (
			);
			name = "Copy Files into en/parser/nltk_lite";
			runOnlyForDeploymentPostprocessing = 0;
		};
		4F060966151B86AB004C2C80 /* Copy Files into en/parser/nltk_lite/chat */ = {
			isa = PBXCopyFilesBuildPhase;
			buildActionMask = 2147483647;
			dstPath = en/parser/nltk_lite/chat;
			dstSubfolderSpec = 7;
			files = (
			);
			name = "Copy Files into en/parser/nltk_lite/chat";
			runOnlyForDeploymentPostprocessing = 0;
		};
		4F060967151B86D3004C2C80 /* Copy Files into en/parser/nltk_lite/cluster */ = {
			isa = PBXCopyFilesBuildPhase;
			buildActionMask = 2147483647;
			dstPath = en/parser/nltk_lite/cluster;
			dstSubfolderSpec = 7;
			files = (
			);
			name = "Copy Files into en/parser/nltk_lite/cluster";
			runOnlyForDeploymentPostprocessing = 0;
		};
		4F060968151B86F8004C2C80 /* Copy Files into en/parser/nltk_lite/contrib */ = {
			isa = PBXCopyFilesBuildPhase;
			buildActionMask = 2147483647;
			dstPath = en/parser/nltk_lite/contrib;
			dstSubfolderSpec = 7;
			files = (
			);
			name = "Copy Files into en/parser/nltk_lite/contrib";
			runOnlyForDeploymentPostprocessing = 0;
		};
		4F060969151B8717004C2C80 /* Copy Files into en/parser/nltk_lite/corpora */ = {
			isa = PBXCopyFilesBuildPhase;
			buildActionMask = 2147483647;
			dstPath = en/parser/nltk_lite/corpora;
			dstSubfolderSpec = 7;
			files = (
			);
			name = "Copy Files into en/parser/nltk_lite/corpora";
			runOnlyForDeploymentPostprocessing = 0;
		};
		4F060980151B8797004C2C80 /* Copy Files into en/parser/nltk_lite/contrib/toolbox */ = {
			isa = PBXCopyFilesBuildPhase;
			buildActionMask = 2147483647;
			dstPath = en/parser/nltk_lite/contrib/toolbox;
			dstSubfolderSpec = 7;
			files = (
			);
			name = "Copy Files into en/parser/nltk_lite/contrib/toolbox";
			runOnlyForDeploymentPostprocessing = 0;
		};
		4F06099B151B87E1004C2C80 /* Copy Files into en/parser/nltk_lite/draw */ = {
			isa = PBXCopyFilesBuildPhase;
			buildActionMask = 2147483647;
			dstPath = en/parser/nltk_lite/draw;
			dstSubfolderSpec = 7;
			files = (
			);
			name = "Copy Files into en/parser/nltk_lite/draw";
			runOnlyForDeploymentPostprocessing = 0;
		};
		4F0609A4151B8803004C2C80 /* Copy Files into en/parser/nltk_lite/etree */ = {
			isa = PBXCopyFilesBuildPhase;
			buildActionMask = 2147483647;
			dstPath = en/parser/nltk_lite/etree;
			dstSubfolderSpec = 7;
			files = (
			);
			name = "Copy Files into en/parser/nltk_lite/etree";
			runOnlyForDeploymentPostprocessing = 0;
		};
		4F0609A9151B8833004C2C80 /* Copy Files into en/parser/nltk_lite/misc */ = {
			isa = PBXCopyFilesBuildPhase;
			buildActionMask = 2147483647;
			dstPath = en/parser/nltk_lite/misc;
			dstSubfolderSpec = 7;
			files = (
			);
			name = "Copy Files into en/parser/nltk_lite/misc";
			runOnlyForDeploymentPostprocessing = 0;
		};
		4F0609AD151B884A004C2C80 /* Copy Files into en/parser/nltk_lite/model */ = {
			isa = PBXCopyFilesBuildPhase;
			buildActionMask = 2147483647;
			dstPath = en/parser/nltk_lite/model;
			dstSubfolderSpec = 7;
			files = (
			);
			name = "Copy Files into en/parser/nltk_lite/model";
			runOnlyForDeploymentPostprocessing = 0;
		};
		4F0609AF151B886C004C2C80 /* Copy Files into en/parser/nltk_lite/parse */ = {
			isa = PBXCopyFilesBuildPhase;
			buildActionMask = 2147483647;
			dstPath = en/parser/nltk_lite/parse;
			dstSubfolderSpec = 7;
			files = (
			);
			name = "Copy Files into en/parser/nltk_lite/parse";
			runOnlyForDeploymentPostprocessing = 0;
		};
		4F0609CA151B8895004C2C80 /* Copy Files into en/parser/nltk_lite/semantics */ = {
			isa = PBXCopyFilesBuildPhase;
			buildActionMask = 2147483647;
			dstPath = en/parser/nltk_lite/semantics;
			dstSubfolderSpec = 7;
			files = (
			);
			name = "Copy Files into en/parser/nltk_lite/semantics";
			runOnlyForDeploymentPostprocessing = 0;
		};
		4F0609CF151B88B8004C2C80 /* Copy Files into en/parser/nltk_lite/stem */ = {
			isa = PBXCopyFilesBuildPhase;
			buildActionMask = 2147483647;
			dstPath = en/parser/nltk_lite/stem;
			dstSubfolderSpec = 7;
			files = (
			);
			name = "Copy Files into en/parser/nltk_lite/stem";
			runOnlyForDeploymentPostprocessing = 0;
		};
		4F0609D3151B88D5004C2C80 /* Copy Files into en/parser/nltk_lite/tag */ = {
			isa = PBXCopyFilesBuildPhase;
			buildActionMask = 2147483647;
			dstPath = en/parser/nltk_lite/tag;
			dstSubfolderSpec = 7;
			files = (
			);
			name = "Copy Files into en/parser/nltk_lite/tag";
			runOnlyForDeploymentPostprocessing = 0;
		};
		4F0609D9151B88F9004C2C80 /* Copy Files into en/parser/nltk_lite/test */ = {
			isa = PBXCopyFilesBuildPhase;
			buildActionMask = 2147483647;
			dstPath = en/parser/nltk_lite/test;
			dstSubfolderSpec = 7;
			files = (
			);
			name = "Copy Files into en/parser/nltk_lite/test";
			runOnlyForDeploymentPostprocessing = 0;
		};
		4F0609DC151B8923004C2C80 /* Copy Files into en/parser/nltk_lite/tokenize */ = {
			isa = PBXCopyFilesBuildPhase;
			buildActionMask = 2147483647;
			dstPath = en/parser/nltk_lite/tokenize;
			dstSubfolderSpec = 7;
			files = (
			);
			name = "Copy Files into en/parser/nltk_lite/tokenize";
			runOnlyForDeploymentPostprocessing = 0;
		};
		4F0609E3151B893F004C2C80 /* Copy Files into en/parser/nltk_lite/wordnet */ = {
			isa = PBXCopyFilesBuildPhase;
			buildActionMask = 2147483647;
			dstPath = en/parser/nltk_lite/wordnet;
			dstSubfolderSpec = 7;
			files = (
			);
			name = "Copy Files into en/parser/nltk_lite/wordnet";
			runOnlyForDeploymentPostprocessing = 0;
		};
		4F0609E8151B8986004C2C80 /* Copy Files into en/spelling */ = {
			isa = PBXCopyFilesBuildPhase;
			buildActionMask = 12;
			dstPath = en/spelling;
			dstSubfolderSpec = 7;
			files = (
			);
			name = "Copy Files into en/spelling";
			runOnlyForDeploymentPostprocessing = 0;
		};
		4F0609EC151B89B2004C2C80 /* Copy Files into en/verb */ = {
			isa = PBXCopyFilesBuildPhase;
			buildActionMask = 2147483647;
			dstPath = en/verb;
			dstSubfolderSpec = 7;
			files = (
			);
			name = "Copy Files into en/verb";
			runOnlyForDeploymentPostprocessing = 0;
		};
		4F0609F0151B89D3004C2C80 /* Copy Files into en/wordnet */ = {
			isa = PBXCopyFilesBuildPhase;
			buildActionMask = 2147483647;
			dstPath = en/wordnet;
			dstSubfolderSpec = 7;
			files = (
			);
			name = "Copy Files into en/wordnet";
			runOnlyForDeploymentPostprocessing = 0;
		};
		4F0609FC151B8A12004C2C80 /* Copy Files into en/wordnet/wordnet2 */ = {
			isa = PBXCopyFilesBuildPhase;
			buildActionMask = 2147483647;
			dstPath = en/wordnet/wordnet2;
			dstSubfolderSpec = 7;
			files = (
			);
			name = "Copy Files into en/wordnet/wordnet2";
			runOnlyForDeploymentPostprocessing = 0;
		};
		4F060A0E151B8A55004C2C80 /* Copy Files into en/wordnet/wordnet2/dict */ = {
			isa = PBXCopyFilesBuildPhase;
			buildActionMask = 2147483647;
			dstPath = en/wordnet/wordnet2/dict;
			dstSubfolderSpec = 7;
			files = (
			);
			name = "Copy Files into en/wordnet/wordnet2/dict";
			runOnlyForDeploymentPostprocessing = 0;
		};
		4F060A27151B8A7A004C2C80 /* Copy Files into en/wordnet/wordnet2/include */ = {
			isa = PBXCopyFilesBuildPhase;
			buildActionMask = 2147483647;
			dstPath = en/wordnet/wordnet2/include;
			dstSubfolderSpec = 7;
			files = (
			);
			name = "Copy Files into en/wordnet/wordnet2/include";
			runOnlyForDeploymentPostprocessing = 0;
		};
		4F060A2D151B8AAC004C2C80 /* Copy Files into en/wordnet/wordnet2/lib */ = {
			isa = PBXCopyFilesBuildPhase;
			buildActionMask = 2147483647;
			dstPath = en/wordnet/wordnet2/lib;
			dstSubfolderSpec = 7;
			files = (
			);
			name = "Copy Files into en/wordnet/wordnet2/lib";
			runOnlyForDeploymentPostprocessing = 0;
		};
		4F060A37151B8AE2004C2C80 /* Copy Files into en/wordnet/wordnet2/lib/wnres */ = {
			isa = PBXCopyFilesBuildPhase;
			buildActionMask = 2147483647;
			dstPath = en/wordnet/wordnet2/lib/wnres;
			dstSubfolderSpec = 7;
			files = (
			);
			name = "Copy Files into en/wordnet/wordnet2/lib/wnres";
			runOnlyForDeploymentPostprocessing = 0;
		};
		4F060A3E151B8B18004C2C80 /* Copy Files into en/wordnet/wordnet2/src */ = {
			isa = PBXCopyFilesBuildPhase;
			buildActionMask = 2147483647;
			dstPath = en/wordnet/wordnet2/src;
			dstSubfolderSpec = 7;
			files = (
			);
			name = "Copy Files into en/wordnet/wordnet2/src";
			runOnlyForDeploymentPostprocessing = 0;
		};
/* End PBXCopyFilesBuildPhase section */

/* Begin PBXFileReference section */
		4F100784152DFB12000E0064 /* emotion.plist */ = {isa = PBXFileReference; fileEncoding = 4; lastKnownFileType = text.plist.xml; path = emotion.plist; sourceTree = "<group>"; };
		4F3D4B1A1530D6C7004B9079 /* ETEmotionSynonymizer.h */ = {isa = PBXFileReference; fileEncoding = 4; lastKnownFileType = sourcecode.c.h; path = ETEmotionSynonymizer.h; sourceTree = "<group>"; };
		4F3D4B1B1530D6C7004B9079 /* ETEmotionSynonymizer.m */ = {isa = PBXFileReference; fileEncoding = 4; lastKnownFileType = sourcecode.c.objc; path = ETEmotionSynonymizer.m; sourceTree = "<group>"; };
		4F768EA11519DB0D001B1D52 /* EmotiveText.app */ = {isa = PBXFileReference; explicitFileType = wrapper.application; includeInIndex = 0; path = EmotiveText.app; sourceTree = BUILT_PRODUCTS_DIR; };
		4F768EA51519DB0D001B1D52 /* Cocoa.framework */ = {isa = PBXFileReference; lastKnownFileType = wrapper.framework; name = Cocoa.framework; path = System/Library/Frameworks/Cocoa.framework; sourceTree = SDKROOT; };
		4F768EA81519DB0D001B1D52 /* AppKit.framework */ = {isa = PBXFileReference; lastKnownFileType = wrapper.framework; name = AppKit.framework; path = System/Library/Frameworks/AppKit.framework; sourceTree = SDKROOT; };
		4F768EA91519DB0D001B1D52 /* CoreData.framework */ = {isa = PBXFileReference; lastKnownFileType = wrapper.framework; name = CoreData.framework; path = System/Library/Frameworks/CoreData.framework; sourceTree = SDKROOT; };
		4F768EAA1519DB0D001B1D52 /* Foundation.framework */ = {isa = PBXFileReference; lastKnownFileType = wrapper.framework; name = Foundation.framework; path = System/Library/Frameworks/Foundation.framework; sourceTree = SDKROOT; };
		4F768EAD1519DB0D001B1D52 /* EmotiveText-Info.plist */ = {isa = PBXFileReference; lastKnownFileType = text.plist.xml; path = "EmotiveText-Info.plist"; sourceTree = "<group>"; };
		4F768EAF1519DB0D001B1D52 /* en */ = {isa = PBXFileReference; lastKnownFileType = text.plist.strings; name = en; path = en.lproj/InfoPlist.strings; sourceTree = "<group>"; };
		4F768EB11519DB0D001B1D52 /* main.m */ = {isa = PBXFileReference; lastKnownFileType = sourcecode.c.objc; path = main.m; sourceTree = "<group>"; };
		4F768EB31519DB0D001B1D52 /* EmotiveText-Prefix.pch */ = {isa = PBXFileReference; lastKnownFileType = sourcecode.c.h; path = "EmotiveText-Prefix.pch"; sourceTree = "<group>"; };
		4F768EB51519DB0D001B1D52 /* en */ = {isa = PBXFileReference; lastKnownFileType = text.rtf; name = en; path = en.lproj/Credits.rtf; sourceTree = "<group>"; };
		4F768EB71519DB0D001B1D52 /* ETAppDelegate.h */ = {isa = PBXFileReference; lastKnownFileType = sourcecode.c.h; path = ETAppDelegate.h; sourceTree = "<group>"; };
		4F768EB81519DB0D001B1D52 /* ETAppDelegate.m */ = {isa = PBXFileReference; lastKnownFileType = sourcecode.c.objc; path = ETAppDelegate.m; sourceTree = "<group>"; };
		4F768EBB1519DB0D001B1D52 /* en */ = {isa = PBXFileReference; lastKnownFileType = file.xib; name = en; path = en.lproj/MainMenu.xib; sourceTree = "<group>"; };
		4F768EC21519DB20001B1D52 /* CoreText.framework */ = {isa = PBXFileReference; lastKnownFileType = wrapper.framework; name = CoreText.framework; path = System/Library/Frameworks/CoreText.framework; sourceTree = SDKROOT; };
		4F768EC41519DB2B001B1D52 /* QuartzCore.framework */ = {isa = PBXFileReference; lastKnownFileType = wrapper.framework; name = QuartzCore.framework; path = System/Library/Frameworks/QuartzCore.framework; sourceTree = SDKROOT; };
		4F768EC61519DB81001B1D52 /* Python.framework */ = {isa = PBXFileReference; lastKnownFileType = wrapper.framework; name = Python.framework; path = System/Library/Frameworks/Python.framework; sourceTree = SDKROOT; };
		4F768EC81519DC71001B1D52 /* ETTextView.h */ = {isa = PBXFileReference; fileEncoding = 4; lastKnownFileType = sourcecode.c.h; path = ETTextView.h; sourceTree = "<group>"; };
		4F768EC91519DC71001B1D52 /* ETTextView.m */ = {isa = PBXFileReference; fileEncoding = 4; lastKnownFileType = sourcecode.c.objc; path = ETTextView.m; sourceTree = "<group>"; };
		4F768ECC1519DE71001B1D52 /* ApplicationServices.framework */ = {isa = PBXFileReference; lastKnownFileType = wrapper.framework; name = ApplicationServices.framework; path = System/Library/Frameworks/ApplicationServices.framework; sourceTree = SDKROOT; };
		4F891E2D151FC6DF007C60BA /* ETGradientBackgroundView.h */ = {isa = PBXFileReference; fileEncoding = 4; lastKnownFileType = sourcecode.c.h; path = ETGradientBackgroundView.h; sourceTree = "<group>"; };
		4F891E2E151FC6DF007C60BA /* ETGradientBackgroundView.m */ = {isa = PBXFileReference; fileEncoding = 4; lastKnownFileType = sourcecode.c.objc; path = ETGradientBackgroundView.m; sourceTree = "<group>"; };
		4FA28B9315293F8800693E24 /* ETFontAssignment.h */ = {isa = PBXFileReference; fileEncoding = 4; lastKnownFileType = sourcecode.c.h; path = ETFontAssignment.h; sourceTree = "<group>"; };
		4FA28B9415293F8800693E24 /* ETFontAssignment.m */ = {isa = PBXFileReference; fileEncoding = 4; lastKnownFileType = sourcecode.c.objc; path = ETFontAssignment.m; sourceTree = "<group>"; };
		4FBF4ECA152E12C400D3F700 /* ETCaretView.h */ = {isa = PBXFileReference; fileEncoding = 4; lastKnownFileType = sourcecode.c.h; path = ETCaretView.h; sourceTree = "<group>"; };
		4FBF4ECB152E12C400D3F700 /* ETCaretView.m */ = {isa = PBXFileReference; fileEncoding = 4; lastKnownFileType = sourcecode.c.objc; path = ETCaretView.m; sourceTree = "<group>"; };
		4FC1BD371519F7BA008C80FF /* ETEmotionTextAttributer.h */ = {isa = PBXFileReference; fileEncoding = 4; lastKnownFileType = sourcecode.c.h; path = ETEmotionTextAttributer.h; sourceTree = "<group>"; };
		4FC1BD381519F7BA008C80FF /* ETEmotionTextAttributer.m */ = {isa = PBXFileReference; fileEncoding = 4; lastKnownFileType = sourcecode.c.objc; path = ETEmotionTextAttributer.m; sourceTree = "<group>"; };
		4FF9F632151BF528004A131D /* ETAnimationAssignment.h */ = {isa = PBXFileReference; fileEncoding = 4; lastKnownFileType = sourcecode.c.h; path = ETAnimationAssignment.h; sourceTree = "<group>"; };
		4FF9F633151BF528004A131D /* ETAnimationAssignment.m */ = {isa = PBXFileReference; fileEncoding = 4; lastKnownFileType = sourcecode.c.objc; path = ETAnimationAssignment.m; sourceTree = "<group>"; };
		4FF9F637151C34C8004A131D /* ETLayerChopper.h */ = {isa = PBXFileReference; fileEncoding = 4; lastKnownFileType = sourcecode.c.h; path = ETLayerChopper.h; sourceTree = "<group>"; };
		4FF9F638151C34C8004A131D /* ETLayerChopper.m */ = {isa = PBXFileReference; fileEncoding = 4; lastKnownFileType = sourcecode.c.objc; path = ETLayerChopper.m; sourceTree = "<group>"; };
/* End PBXFileReference section */

/* Begin PBXFrameworksBuildPhase section */
		4F768E9E1519DB0D001B1D52 /* Frameworks */ = {
			isa = PBXFrameworksBuildPhase;
			buildActionMask = 2147483647;
			files = (
				4F80BDC5151B7A87004DF0AC /* QuartzCore.framework in Frameworks */,
				4F768EC71519DB81001B1D52 /* Python.framework in Frameworks */,
				4F768EA61519DB0D001B1D52 /* Cocoa.framework in Frameworks */,
				4F768ECD1519DE71001B1D52 /* ApplicationServices.framework in Frameworks */,
			);
			runOnlyForDeploymentPostprocessing = 0;
		};
/* End PBXFrameworksBuildPhase section */

/* Begin PBXGroup section */
		4F3D4B1E1530D6CA004B9079 /* Emotion Synonymizer */ = {
			isa = PBXGroup;
			children = (
				4F3D4B1A1530D6C7004B9079 /* ETEmotionSynonymizer.h */,
				4F3D4B1B1530D6C7004B9079 /* ETEmotionSynonymizer.m */,
			);
			name = "Emotion Synonymizer";
			sourceTree = "<group>";
		};
		4F768E961519DB0D001B1D52 = {
			isa = PBXGroup;
			children = (
				4F768EAB1519DB0D001B1D52 /* EmotiveText */,
				4F768EA41519DB0D001B1D52 /* Frameworks */,
				4F768EA21519DB0D001B1D52 /* Products */,
			);
			sourceTree = "<group>";
		};
		4F768EA21519DB0D001B1D52 /* Products */ = {
			isa = PBXGroup;
			children = (
				4F768EA11519DB0D001B1D52 /* EmotiveText.app */,
			);
			name = Products;
			sourceTree = "<group>";
		};
		4F768EA41519DB0D001B1D52 /* Frameworks */ = {
			isa = PBXGroup;
			children = (
				4F768EA51519DB0D001B1D52 /* Cocoa.framework */,
				4F768EC21519DB20001B1D52 /* CoreText.framework */,
				4F768EC41519DB2B001B1D52 /* QuartzCore.framework */,
				4F768EC61519DB81001B1D52 /* Python.framework */,
				4F768ECC1519DE71001B1D52 /* ApplicationServices.framework */,
				4F768EA71519DB0D001B1D52 /* Other Frameworks */,
			);
			name = Frameworks;
			sourceTree = "<group>";
		};
		4F768EA71519DB0D001B1D52 /* Other Frameworks */ = {
			isa = PBXGroup;
			children = (
				4F768EA81519DB0D001B1D52 /* AppKit.framework */,
				4F768EA91519DB0D001B1D52 /* CoreData.framework */,
				4F768EAA1519DB0D001B1D52 /* Foundation.framework */,
			);
			name = "Other Frameworks";
			sourceTree = "<group>";
		};
		4F768EAB1519DB0D001B1D52 /* EmotiveText */ = {
			isa = PBXGroup;
			children = (
				4F768EB71519DB0D001B1D52 /* ETAppDelegate.h */,
				4F768EB81519DB0D001B1D52 /* ETAppDelegate.m */,
				4F768EBA1519DB0D001B1D52 /* MainMenu.xib */,
				4F768ECB1519DC77001B1D52 /* Text View */,
				4F768EAC1519DB0D001B1D52 /* Supporting Files */,
				4FF9F63A151C34DE004A131D /* Layer Chopper */,
				4FC1BD3B1519F7BD008C80FF /* Text Attributer */,
				4F3D4B1E1530D6CA004B9079 /* Emotion Synonymizer */,
				4FF9F636151BF539004A131D /* Animation Assignment */,
				4F891E31151FC6E6007C60BA /* Gradient Background */,
			);
			path = EmotiveText;
			sourceTree = "<group>";
		};
		4F768EAC1519DB0D001B1D52 /* Supporting Files */ = {
			isa = PBXGroup;
			children = (
				4F100784152DFB12000E0064 /* emotion.plist */,
				4F768EAD1519DB0D001B1D52 /* EmotiveText-Info.plist */,
				4F768EAE1519DB0D001B1D52 /* InfoPlist.strings */,
				4F768EB11519DB0D001B1D52 /* main.m */,
				4F768EB31519DB0D001B1D52 /* EmotiveText-Prefix.pch */,
				4F768EB41519DB0D001B1D52 /* Credits.rtf */,
			);
			name = "Supporting Files";
			sourceTree = "<group>";
		};
		4F768ECB1519DC77001B1D52 /* Text View */ = {
			isa = PBXGroup;
			children = (
				4F768EC81519DC71001B1D52 /* ETTextView.h */,
				4F768EC91519DC71001B1D52 /* ETTextView.m */,
				4FBF4ECE152E12CA00D3F700 /* Caret View */,
			);
			name = "Text View";
			sourceTree = "<group>";
		};
		4F891E31151FC6E6007C60BA /* Gradient Background */ = {
			isa = PBXGroup;
			children = (
				4F891E2D151FC6DF007C60BA /* ETGradientBackgroundView.h */,
				4F891E2E151FC6DF007C60BA /* ETGradientBackgroundView.m */,
			);
			name = "Gradient Background";
			sourceTree = "<group>";
		};
		4FA28B9615293F8B00693E24 /* Font Assignment */ = {
			isa = PBXGroup;
			children = (
				4FA28B9315293F8800693E24 /* ETFontAssignment.h */,
				4FA28B9415293F8800693E24 /* ETFontAssignment.m */,
			);
			name = "Font Assignment";
			sourceTree = "<group>";
		};
		4FBF4ECE152E12CA00D3F700 /* Caret View */ = {
			isa = PBXGroup;
			children = (
				4FBF4ECA152E12C400D3F700 /* ETCaretView.h */,
				4FBF4ECB152E12C400D3F700 /* ETCaretView.m */,
			);
			name = "Caret View";
			sourceTree = "<group>";
		};
		4FC1BD3B1519F7BD008C80FF /* Text Attributer */ = {
			isa = PBXGroup;
			children = (
				4FC1BD371519F7BA008C80FF /* ETEmotionTextAttributer.h */,
				4FC1BD381519F7BA008C80FF /* ETEmotionTextAttributer.m */,
				4FA28B9615293F8B00693E24 /* Font Assignment */,
			);
			name = "Text Attributer";
			sourceTree = "<group>";
		};
		4FF9F636151BF539004A131D /* Animation Assignment */ = {
			isa = PBXGroup;
			children = (
				4FF9F632151BF528004A131D /* ETAnimationAssignment.h */,
				4FF9F633151BF528004A131D /* ETAnimationAssignment.m */,
			);
			name = "Animation Assignment";
			sourceTree = "<group>";
		};
		4FF9F63A151C34DE004A131D /* Layer Chopper */ = {
			isa = PBXGroup;
			children = (
				4FF9F637151C34C8004A131D /* ETLayerChopper.h */,
				4FF9F638151C34C8004A131D /* ETLayerChopper.m */,
			);
			name = "Layer Chopper";
			sourceTree = "<group>";
		};
/* End PBXGroup section */

/* Begin PBXNativeTarget section */
		4F768EA01519DB0D001B1D52 /* EmotiveText */ = {
			isa = PBXNativeTarget;
			buildConfigurationList = 4F768EBF1519DB0D001B1D52 /* Build configuration list for PBXNativeTarget "EmotiveText" */;
			buildPhases = (
				4F768E9D1519DB0D001B1D52 /* Sources */,
				4F768E9E1519DB0D001B1D52 /* Frameworks */,
				4F768E9F1519DB0D001B1D52 /* Resources */,
				4F06093A151B8598004C2C80 /* Copy Files into en root */,
				4F060951151B85FC004C2C80 /* Copy Files into en/ogden */,
				4F060955151B8629004C2C80 /* Copy Files into en/parser */,
				4F06095A151B8657004C2C80 /* Copy Files into en/parser/nltk_lite */,
				4F060966151B86AB004C2C80 /* Copy Files into en/parser/nltk_lite/chat */,
				4F060967151B86D3004C2C80 /* Copy Files into en/parser/nltk_lite/cluster */,
				4F060968151B86F8004C2C80 /* Copy Files into en/parser/nltk_lite/contrib */,
				4F060980151B8797004C2C80 /* Copy Files into en/parser/nltk_lite/contrib/toolbox */,
				4F060969151B8717004C2C80 /* Copy Files into en/parser/nltk_lite/corpora */,
				4F06099B151B87E1004C2C80 /* Copy Files into en/parser/nltk_lite/draw */,
				4F0609A4151B8803004C2C80 /* Copy Files into en/parser/nltk_lite/etree */,
				4F0609A9151B8833004C2C80 /* Copy Files into en/parser/nltk_lite/misc */,
				4F0609AD151B884A004C2C80 /* Copy Files into en/parser/nltk_lite/model */,
				4F0609AF151B886C004C2C80 /* Copy Files into en/parser/nltk_lite/parse */,
				4F0609CA151B8895004C2C80 /* Copy Files into en/parser/nltk_lite/semantics */,
				4F0609CF151B88B8004C2C80 /* Copy Files into en/parser/nltk_lite/stem */,
				4F0609D3151B88D5004C2C80 /* Copy Files into en/parser/nltk_lite/tag */,
				4F0609D9151B88F9004C2C80 /* Copy Files into en/parser/nltk_lite/test */,
				4F0609DC151B8923004C2C80 /* Copy Files into en/parser/nltk_lite/tokenize */,
				4F0609E3151B893F004C2C80 /* Copy Files into en/parser/nltk_lite/wordnet */,
				4F0609E8151B8986004C2C80 /* Copy Files into en/spelling */,
				4F0609EC151B89B2004C2C80 /* Copy Files into en/verb */,
				4F0609F0151B89D3004C2C80 /* Copy Files into en/wordnet */,
				4F0609FC151B8A12004C2C80 /* Copy Files into en/wordnet/wordnet2 */,
				4F060A0E151B8A55004C2C80 /* Copy Files into en/wordnet/wordnet2/dict */,
				4F060A27151B8A7A004C2C80 /* Copy Files into en/wordnet/wordnet2/include */,
				4F060A2D151B8AAC004C2C80 /* Copy Files into en/wordnet/wordnet2/lib */,
				4F060A37151B8AE2004C2C80 /* Copy Files into en/wordnet/wordnet2/lib/wnres */,
				4F060A3E151B8B18004C2C80 /* Copy Files into en/wordnet/wordnet2/src */,
			);
			buildRules = (
			);
			dependencies = (
			);
			name = EmotiveText;
			productName = EmotiveText;
			productReference = 4F768EA11519DB0D001B1D52 /* EmotiveText.app */;
			productType = "com.apple.product-type.application";
		};
/* End PBXNativeTarget section */

/* Begin PBXProject section */
		4F768E981519DB0D001B1D52 /* Project object */ = {
			isa = PBXProject;
			attributes = {
				CLASSPREFIX = ET;
				LastUpgradeCheck = 0440;
			};
			buildConfigurationList = 4F768E9B1519DB0D001B1D52 /* Build configuration list for PBXProject "EmotiveText" */;
			compatibilityVersion = "Xcode 3.2";
			developmentRegion = English;
			hasScannedForEncodings = 0;
			knownRegions = (
				en,
			);
			mainGroup = 4F768E961519DB0D001B1D52;
			productRefGroup = 4F768EA21519DB0D001B1D52 /* Products */;
			projectDirPath = "";
			projectRoot = "";
			targets = (
				4F768EA01519DB0D001B1D52 /* EmotiveText */,
			);
		};
/* End PBXProject section */

/* Begin PBXResourcesBuildPhase section */
		4F768E9F1519DB0D001B1D52 /* Resources */ = {
			isa = PBXResourcesBuildPhase;
			buildActionMask = 2147483647;
			files = (
				4F768EB01519DB0D001B1D52 /* InfoPlist.strings in Resources */,
				4F768EB61519DB0D001B1D52 /* Credits.rtf in Resources */,
				4F768EBC1519DB0D001B1D52 /* MainMenu.xib in Resources */,
				4F100785152DFB12000E0064 /* emotion.plist in Resources */,
			);
			runOnlyForDeploymentPostprocessing = 0;
		};
/* End PBXResourcesBuildPhase section */

/* Begin PBXSourcesBuildPhase section */
		4F768E9D1519DB0D001B1D52 /* Sources */ = {
			isa = PBXSourcesBuildPhase;
			buildActionMask = 2147483647;
			files = (
				4F768EB21519DB0D001B1D52 /* main.m in Sources */,
				4F768EB91519DB0D001B1D52 /* ETAppDelegate.m in Sources */,
				4F768ECA1519DC71001B1D52 /* ETTextView.m in Sources */,
				4FC1BD391519F7BA008C80FF /* ETEmotionTextAttributer.m in Sources */,
				4FF9F634151BF528004A131D /* ETAnimationAssignment.m in Sources */,
				4FF9F639151C34C8004A131D /* ETLayerChopper.m in Sources */,
				4F891E2F151FC6DF007C60BA /* ETGradientBackgroundView.m in Sources */,
				4FA28B9515293F8800693E24 /* ETFontAssignment.m in Sources */,
				4FBF4ECC152E12C400D3F700 /* ETCaretView.m in Sources */,
				4F3D4B1C1530D6C8004B9079 /* ETEmotionSynonymizer.m in Sources */,
			);
			runOnlyForDeploymentPostprocessing = 0;
		};
/* End PBXSourcesBuildPhase section */

/* Begin PBXVariantGroup section */
		4F768EAE1519DB0D001B1D52 /* InfoPlist.strings */ = {
			isa = PBXVariantGroup;
			children = (
				4F768EAF1519DB0D001B1D52 /* en */,
			);
			name = InfoPlist.strings;
			sourceTree = "<group>";
		};
		4F768EB41519DB0D001B1D52 /* Credits.rtf */ = {
			isa = PBXVariantGroup;
			children = (
				4F768EB51519DB0D001B1D52 /* en */,
			);
			name = Credits.rtf;
			sourceTree = "<group>";
		};
		4F768EBA1519DB0D001B1D52 /* MainMenu.xib */ = {
			isa = PBXVariantGroup;
			children = (
				4F768EBB1519DB0D001B1D52 /* en */,
			);
			name = MainMenu.xib;
			sourceTree = "<group>";
		};
/* End PBXVariantGroup section */

/* Begin XCBuildConfiguration section */
		4F768EBD1519DB0D001B1D52 /* Debug */ = {
			isa = XCBuildConfiguration;
			buildSettings = {
				ALWAYS_SEARCH_USER_PATHS = NO;
				ARCHS = "$(ARCHS_STANDARD_64_BIT)";
				CLANG_ENABLE_OBJC_ARC = YES;
				COPY_PHASE_STRIP = NO;
				GCC_C_LANGUAGE_STANDARD = gnu99;
				GCC_DYNAMIC_NO_PIC = NO;
				GCC_ENABLE_OBJC_EXCEPTIONS = YES;
				GCC_OPTIMIZATION_LEVEL = 0;
				GCC_PREPROCESSOR_DEFINITIONS = (
					"DEBUG=1",
					"$(inherited)",
				);
				GCC_SYMBOLS_PRIVATE_EXTERN = NO;
				GCC_VERSION = com.apple.compilers.llvm.clang.1_0;
				GCC_WARN_64_TO_32_BIT_CONVERSION = YES;
				GCC_WARN_ABOUT_RETURN_TYPE = YES;
				GCC_WARN_UNINITIALIZED_AUTOS = YES;
				GCC_WARN_UNUSED_VARIABLE = YES;
				MACOSX_DEPLOYMENT_TARGET = 10.6;
				ONLY_ACTIVE_ARCH = YES;
				SDKROOT = macosx;
			};
			name = Debug;
		};
		4F768EBE1519DB0D001B1D52 /* Release */ = {
			isa = XCBuildConfiguration;
			buildSettings = {
				ALWAYS_SEARCH_USER_PATHS = NO;
				ARCHS = "$(ARCHS_STANDARD_64_BIT)";
				CLANG_ENABLE_OBJC_ARC = YES;
				COPY_PHASE_STRIP = YES;
				DEBUG_INFORMATION_FORMAT = "dwarf-with-dsym";
				GCC_C_LANGUAGE_STANDARD = gnu99;
				GCC_ENABLE_OBJC_EXCEPTIONS = YES;
				GCC_VERSION = com.apple.compilers.llvm.clang.1_0;
				GCC_WARN_64_TO_32_BIT_CONVERSION = YES;
				GCC_WARN_ABOUT_RETURN_TYPE = YES;
				GCC_WARN_UNINITIALIZED_AUTOS = YES;
				GCC_WARN_UNUSED_VARIABLE = YES;
				MACOSX_DEPLOYMENT_TARGET = 10.6;
				SDKROOT = macosx;
			};
			name = Release;
		};
		4F768EC01519DB0D001B1D52 /* Debug */ = {
			isa = XCBuildConfiguration;
			buildSettings = {
				GCC_PRECOMPILE_PREFIX_HEADER = YES;
				GCC_PREFIX_HEADER = "EmotiveText/EmotiveText-Prefix.pch";
				INFOPLIST_FILE = "EmotiveText/EmotiveText-Info.plist";
				MACOSX_DEPLOYMENT_TARGET = 10.7;
				PRODUCT_NAME = "$(TARGET_NAME)";
				WRAPPER_EXTENSION = app;
			};
			name = Debug;
		};
		4F768EC11519DB0D001B1D52 /* Release */ = {
			isa = XCBuildConfiguration;
			buildSettings = {
				GCC_PRECOMPILE_PREFIX_HEADER = YES;
				GCC_PREFIX_HEADER = "EmotiveText/EmotiveText-Prefix.pch";
				INFOPLIST_FILE = "EmotiveText/EmotiveText-Info.plist";
				MACOSX_DEPLOYMENT_TARGET = 10.7;
				PRODUCT_NAME = "$(TARGET_NAME)";
				WRAPPER_EXTENSION = app;
			};
			name = Release;
		};
/* End XCBuildConfiguration section */

/* Begin XCConfigurationList section */
		4F768E9B1519DB0D001B1D52 /* Build configuration list for PBXProject "EmotiveText" */ = {
			isa = XCConfigurationList;
			buildConfigurations = (
				4F768EBD1519DB0D001B1D52 /* Debug */,
				4F768EBE1519DB0D001B1D52 /* Release */,
			);
			defaultConfigurationIsVisible = 0;
			defaultConfigurationName = Release;
		};
		4F768EBF1519DB0D001B1D52 /* Build configuration list for PBXNativeTarget "EmotiveText" */ = {
			isa = XCConfigurationList;
			buildConfigurations = (
				4F768EC01519DB0D001B1D52 /* Debug */,
				4F768EC11519DB0D001B1D52 /* Release */,
			);
			defaultConfigurationIsVisible = 0;
			defaultConfigurationName = Release;
		};
/* End XCConfigurationList section */
	};
	rootObject = 4F768E981519DB0D001B1D52 /* Project object */;
}
